github.com/database64128/netx-go v0.1.1 h1:dT5LG7Gs7zFZBthFBbzWE6K8wAHjSNAaK7wCYZT7NzM=
github.com/database64128/netx-go v0.1.1/go.mod h1:LNlYVipaYkQArRFDNNJ02VkNV+My9A5XR/IGS7sIBQc=
github.com/database64128/tfo-go/v2 v2.3.3 h1:M0X1SgOirhSvMKI8VQfgUtNVM53L6Rzg9Z+DN6fLA50=
github.com/database64128/tfo-go/v2 v2.3.3/go.mod h1:floVt2REc8xeOxFIyttPCvnd6XPIyHPTQ4fDA3EXdUs=
github.com/davecgh/go-spew v1.1.2-0.20180830191138-d8f796af33cc h1:U9qPSI2PIWSS1VwoXQT9A3Wy9MM3WgvqSxFWenqJduM=
github.com/davecgh/go-spew v1.1.2-0.20180830191138-d8f796af33cc/go.mod h1:J7Y8YcW2NihsgmVo/mv3lAwl/skON4iLHjSsI+c5H38=
github.com/florianl/go-nfqueue/v2 v2.0.4 h1:c+ZlNzpyuiqIDP+bfChI58wrotZ5J+hznTq8bnPSYzk=
github.com/florianl/go-nfqueue/v2 v2.0.4/go.mod h1:nPdofURzfCUtHfhZAZg7JFI+ItzzmNGcd4j4AcrcElU=
github.com/fsnotify/fsnotify v1.10.1 h1:b0/UzAf9yR5rhf3RPm9gf3ehBPpf0oZKIjtpKrx59Ho=
github.com/fsnotify/fsnotify v1.10.1/go.mod h1:TLheqan6HD6GBK6PrDWyDPBaEV8LspOxvPSjC+bVfgo=
github.com/go-ole/go-ole v1.3.0 h1:Dt6ye7+vXGIKZ7Xtk4s6/xVdGDQynvom7xCFEdWr6uE=
github.com/go-ole/go-ole v1.3.0/go.mod h1:5LS6F96DhAwUc7C+1HLexzMXY1xGRSryjyPPKW6zv78=
github.com/godbus/dbus/v5 v5.2.2 h1:TUR3TgtSVDmjiXOgAAyaZbYmIeP3DPkld3jgKGV8mXQ=
github.com/godbus/dbus/v5 v5.2.2/go.mod h1:3AAv2+hPq5rdnr5txxxRwiGjPXamgoIHgz9FPBfOp3c=
github.com/google/btree v1.1.3 h1:CVpQJjYgC4VbzxeGVHfvZrv1ctoYCAI8vbl07Fcxlyg=
github.com/google/btree v1.1.3/go.mod h1:qOPhT0dTNdNzV6Z/lhRX0YXUafgPLFUh+gZMl761Gm4=
github.com/google/go-cmp v0.7.0 h1:wk8382ETsv4JYUZwIsn6YpYiWiBsYLSJiTsyBybVuN8=
github.com/google/go-cmp v0.7.0/go.mod h1:pXiqmnSA92OHEEa9HXL2W4E7lf9JzCmGVUdgjX3N/iU=
github.com/jsimonetti/rtnetlink v1.4.0 h1:Z1BF0fRgcETPEa0Kt0MRk3yV5+kF1FWTni6KUFKrq2I=
github.com/jsimonetti/rtnetlink v1.4.0/go.mod h1:5W1jDvWdnthFJ7fxYX1GMK07BUpI4oskfOqvPteYS6E=
github.com/logrusorgru/aurora v2.0.3+incompatible h1:tOpm7WcpBTn4fjmVfgpQq0EfczGlG91VSDkswnjF5A8=
github.com/logrusorgru/aurora v2.0.3+incompatible/go.mod h1:7rIyQOR62GCctdiQpZ/zOJlFyk6y+94wXzv6RNZgaR4=
github.com/mdlayher/netlink v1.11.2 h1:HKh2jqe+omdSWcQ88nrT7INE61B0NXfiSPFdgL4YbNI=
github.com/mdlayher/netlink v1.11.2/go.mod h1:uT2Yc/QLaZubzDpZIBi9d4GoeLwtp3x1AMeqSRrK2sA=
github.com/mdlayher/socket v0.6.1 h1:M7uj2NtuujUY4mYr1C57NmfNiRHbkKpnBxO856lsc3A=
github.com/mdlayher/socket v0.6.1/go.mod h1:+/SGtqc9V+5dAuRgQsU0fGBI+oRDiW7O2Obx10OIWfg=
github.com/miekg/dns v1.1.72 h1:vhmr+TF2A3tuoGNkLDFK9zi36F2LS+hKTRW0Uf8kbzI=
github.com/miekg/dns v1.1.72/go.mod h1:+EuEPhdHOsfk6Wk5TT2CzssZdqkmFhf8r+aVyDEToIs=
github.com/pmezard/go-difflib v1.0.1-0.20181226105442-5d4384ee4fb2 h1:Jamvg5psRIccs7FGNTlIRMkT8wgtp5eCXdBlqhYGL6U=
github.com/pmezard/go-difflib v1.0.1-0.20181226105442-5d4384ee4fb2/go.mod h1:iKH77koFhYxTK1pcRnkKkqfTogsbg7gZNVY4sRDYZ/4=
github.com/sagernet/fswatch v0.1.2 h1:/TT7k4mkce1qFPxamLO842WjqBgbTBiXP2mlUjp9PFk=
github.com/sagernet/fswatch v0.1.2/go.mod h1:5BpGmpUQVd3Mc5r313HRpvADHRg3/rKn5QbwFteB880=
github.com/sagernet/gvisor v0.0.0-20250811-sing-box-mod.1 h1:bYLFFxOBLbmeMjMSCzsXJwNAS1EHoBb+G9GlE5oBgM8=
github.com/sagernet/gvisor v0.0.0-20250811-sing-box-mod.1/go.mod h1:NJKBtm9nVEK3iyOYWsUlrDQuoGh4zJ4KOPhSYVidvQ4=
github.com/sagernet/netlink v0.0.0-20240916134442-83396419aa8b h1:ppoda3bl004POPsp3ut7V+4Mn6+DUbTxyxpB0BjpaIk=
github.com/sagernet/netlink v0.0.0-20240916134442-83396419aa8b/go.mod h1:xLnfdiJbSp8rNqYEdIW/6eDO4mVoogml14Bh2hSiFpM=
github.com/sagernet/nftables v0.3.0-mod.4 h1:vnOtcDYeSXv2e5RoRuGH0lrpttQFJ8iC4ICS2nhlDSo=
github.com/sagernet/nftables v0.3.0-mod.4/go.mod h1:8kslHG4VvYNihcco+i6uxIX7qbT8A56T0y5q7U44ZaQ=
github.com/sagernet/quic-go v0.59.0-sing-box-mod.4 h1:6qvrUW79S+CrPwWz6cMePXohgjHoKxLo3c+MDhNwc3o=
github.com/sagernet/quic-go v0.59.0-sing-box-mod.4/go.mod h1:OqILvS182CyOol5zNNo6bguvOGgXzV459+chpRaUC+4=
github.com/sagernet/sing v0.8.12-0.20260715103206-ac5f044167e4 h1:/CRUuZdfYnrt/8+IkcgrlOkrkSW6JTh0FesoIe99IXg=
github.com/sagernet/sing v0.8.12-0.20260715103206-ac5f044167e4/go.mod h1:olXxWQNqRW/l2Q6JI3b2Qmz8iQnIFlOeeH8bx6JhgUA=
github.com/sagernet/sing-box v1.14.0-alpha.45 h1:Q/dPQOeDiQryGFpyTR/EzYLZ9h9XrahtHATVBFrus5U=
github.com/sagernet/sing-box v1.14.0-alpha.45/go.mod h1:ONy3ZWTcZXAnzqGEx1REtRMy+aFJJf2E07qVyrlweKc=
github.com/sagernet/sing-tun v0.8.12-0.20260714150017-c54b06b8a670 h1:suDpFVVpMTyzdssMNP/8OSgaADlGyTtdbnPm4JwJsS0=
github.com/sagernet/sing-tun v0.8.12-0.20260714150017-c54b06b8a670/go.mod h1:QvarqUtHfj1ULaRR+6kZOS/OoCE+pYGq67A5tyIy+dQ=
github.com/sagernet/sing-usbip v0.0.0-20260616101517-efb91521eddb h1:KEMbfexD4DvrQGYWwx6r+AwH9Veh8z6cnBZmtCS2G+0=
github.com/sagernet/sing-usbip v0.0.0-20260616101517-efb91521eddb/go.mod h1:D4CnJX3MNAAANhbQUxfIRgBdnvlTEaV7h6ojedcs+pw=
github.com/stretchr/testify v1.11.1 h1:7s2iGBzp5EwR7/aIZr8ao5+dra3wiQyKjjFuvgVKu7U=
github.com/stretchr/testify v1.11.1/go.mod h1:wZwfW3scLgRK+23gO65QZefKpKQRnfz6sD981Nm4B6U=
github.com/vishvananda/netns v0.0.5 h1:DfiHV+j8bA32MFM7bfEunvT8IAqQ/NzSJHtcmW5zdEY=
github.com/vishvananda/netns v0.0.5/go.mod h1:SpkAiCQRtJ6TvvxPnOSyH3BMl6unz3xZlaprSwhNNJM=
go4.org/netipx v0.0.0-20231129151722-fdeea329fbba h1:0b9z3AuHCjxk0x/opv64kcgZLBseWJUpBw5I82+2U4M=
go4.org/netipx v0.0.0-20231129151722-fdeea329fbba/go.mod h1:PLyyIXexvUFg3Owu6p/WfdlivPbZJsZdgWZlrGope/Y=
golang.org/x/crypto v0.53.0 h1:QZ4Muo8THX6CizN2vPPd5fBGHyogrdK9fG4wLPFUsto=
golang.org/x/crypto v0.53.0/go.mod h1:DNLU434OwVakk9PzuwV8w62mAJpRJL3vsgcfp4Qnsio=
golang.org/x/exp v0.0.0-20260611194520-c48552f49976 h1:X8Hz2ImujgbmetVuW+w2YkyZChE3cBpZi2P158rTG9M=
golang.org/x/exp v0.0.0-20260611194520-c48552f49976/go.mod h1:vnf4pv9iKZXY58sQE1L86zmNWJ4159e1RkcWiLCkeEY=
golang.org/x/mod v0.37.0 h1:vF1DjpVEshcIqoEaauuHebaLk1O1forxjxBaVn884JQ=
golang.org/x/mod v0.37.0/go.mod h1:m8S8VeM9r4dzDwjrKO0a1sZP3YjeMamRRlD+fmR2Q/0=
golang.org/x/net v0.56.0 h1:Rw8j/hFzGvJUZwNBXnAtf5sVDVt+65SK2C7IxCxZt5o=
golang.org/x/net v0.56.0/go.mod h1:D3Ku6r+V6JROoZK144D2XfMHFcMq/0zSfLelVTCFKec=
golang.org/x/sync v0.21.0 h1:HLII4xRRTtCRkxYp4HNFF0Js/Og6q2i++KXbg0gHCwM=
golang.org/x/sync v0.21.0/go.mod h1:9xrNwdLfx4jkKbNva9FpL6vEN7evnE43NNNJQ2LF3+0=
golang.org/x/sys v0.1.0/go.mod h1:oPkhp1MJrh7nUepCBck5+mAzfO9JrbApNNgaTdGDITg=
golang.org/x/sys v0.46.0 h1:noSf2Fq6F8DBgS+LysIkx7rIExoNHJsxOAtPp4rthXw=
golang.org/x/sys v0.46.0/go.mod h1:4GL1E5IUh+htKOUEOaiffhrAeqysfVGipDYzABqnCmw=
golang.org/x/term v0.44.0 h1:0rLvDRCtNj0gZkyIXhCyOb2OAzEhLVqc4B+hrsBhrmc=
golang.org/x/term v0.44.0/go.mod h1:7ze4MdzUzLXpSAoFP1H0bOI9aXDqveSvatT5vKcFh2Y=
golang.org/x/text v0.38.0 h1:sXmwo9DwP3OK9EZ7PqAdaooSGozfl/3a6/xJcbzPRhE=
golang.org/x/text v0.38.0/go.mod h1:YXZt3QhHUKYT53r2lLKFIVi6Ao1jdzrTR/KQ09qyxF4=
golang.org/x/time v0.15.0 h1:bbrp8t3bGUeFOx08pvsMYRTCVSMk89u4tKbNOZbp88U=
golang.org/x/time v0.15.0/go.mod h1:Y4YMaQmXwGQZoFaVFk4YpCt4FLQMYKZe9oeV/f4MSno=
golang.org/x/tools v0.46.0 h1:7jTurBkPZu4moS/Uy4OQT1M+QBlsj3wejyZwsT8Z7rk=
golang.org/x/tools v0.46.0/go.mod h1:FrD85F8l+NWL+9XWBSyVSHO6Ne4jutsfIFba7AWQ5Ys=
gopkg.in/yaml.v3 v3.0.1 h1:fxVm/GzAzEWqLHuvctI91KS9hhNmmWOoWu0XTYJS7CA=
gopkg.in/yaml.v3 v3.0.1/go.mod h1:K4uyk7z7BCEPqu6E+C64Yfv1cQ7kz7rIZviUmN+EgEM=
